
Microsoft Visual Studio Solution File, Format Version 12.00
# Visual Studio Version 17
VisualStudioVersion = 17.13.35818.85
MinimumVisualStudioVersion = 10.0.40219.1
Project("{2150E333-8FDC-42A3-9474-1A3956D46DE8}") = "src", "src", "{02EA681E-C7D8-13C7-8484-4AC65E1B71E8}"
EndProject
Project("{2150E333-8FDC-42A3-9474-1A3956D46DE8}") = "Core", "Core", "{57708DC4-F0DA-4D31-AD13-B9C78753E2F4}"
EndProject
Project("{2150E333-8FDC-42A3-9474-1A3956D46DE8}") = "Application", "Application", "{075ACA70-30B2-4CA3-B3A1-AB2A937966EE}"
EndProject
Project("{2150E333-8FDC-42A3-9474-1A3956D46DE8}") = "Domain", "Domain", "{D231693C-B6CA-4787-B396-1EF8BE86853C}"
EndProject
Project("{2150E333-8FDC-42A3-9474-1A3956D46DE8}") = "Infrastructure", "Infrastructure", "{DBCF97E5-410A-4278-80E1-1C62D8C0B8AB}"
EndProject
Project("{2150E333-8FDC-42A3-9474-1A3956D46DE8}") = "Persistence", "Persistence", "{B88FD0BE-ECB0-471B-85A0-69B9E7906878}"
EndProject
Project("{2150E333-8FDC-42A3-9474-1A3956D46DE8}") = "Presentation", "Presentation", "{25AB85D3-7F9F-473C-A2C1-7DBE85C01DBD}"
EndProject
Project("{FAE04EC0-301F-11D3-BF4B-00C04F79EFBC}") = "FarmManager.WebApi", "src\Presentation\FarmManager.WebApi\FarmManager.WebApi.csproj", "{13008F51-51F5-41C8-BE15-41EBEAC69ABF}"
EndProject
Project("{FAE04EC0-301F-11D3-BF4B-00C04F79EFBC}") = "FarmManager.Application", "src\Core\Application\FarmManager.Application\FarmManager.Application.csproj", "{C39BEEF3-0B60-4F54-9594-BE03E5F00EFD}"
EndProject
Project("{FAE04EC0-301F-11D3-BF4B-00C04F79EFBC}") = "FarmManager.Application.Contracts", "src\Core\Application\FarmManager.Application.Contracts\FarmManager.Application.Contracts.csproj", "{81E7AD50-F9A0-415B-B303-051814A72F5B}"
EndProject
Project("{FAE04EC0-301F-11D3-BF4B-00C04F79EFBC}") = "FarmManager.Domain", "src\Core\Domain\FarmManager.Domain\FarmManager.Domain.csproj", "{98241D2F-C55C-45EC-A06B-06F190F89544}"
EndProject
Project("{FAE04EC0-301F-11D3-BF4B-00C04F79EFBC}") = "FarmManager.Persistence.DataModels", "src\Persistence\FarmManager.Persistence.DataModels\FarmManager.Persistence.DataModels.csproj", "{E0CA8644-015A-4A95-A9E2-EB9D8FA99948}"
EndProject
Project("{FAE04EC0-301F-11D3-BF4B-00C04F79EFBC}") = "FarmManager.Persistence.Query", "src\Persistence\FarmManager.Persistence.Query\FarmManager.Persistence.Query.csproj", "{80F54181-74E8-4A9C-ADE3-589A74BCDE7C}"
EndProject
Project("{FAE04EC0-301F-11D3-BF4B-00C04F79EFBC}") = "FarmManager.Persistence.Command", "src\Persistence\FarmManager.Persistence.Command\FarmManager.Persistence.Command.csproj", "{C39865CE-6CFC-41CE-A07D-FEBEA77CD74B}"
EndProject
Project("{2150E333-8FDC-42A3-9474-1A3956D46DE8}") = "tests", "tests", "{40338126-9179-41CC-9418-0BDEA291B4B6}"
EndProject
Project("{FAE04EC0-301F-11D3-BF4B-00C04F79EFBC}") = "FarmManager.Application.Tests", "tests\FarmManager.Application.Tests\FarmManager.Application.Tests.csproj", "{43D62BB1-1511-42A1-BFC2-AAC96C2578BB}"
EndProject
Project("{FAE04EC0-301F-11D3-BF4B-00C04F79EFBC}") = "FarmManager.Persistence.EF", "src\Persistence\FarmManager.Persistence.EF\FarmManager.Persistence.EF.csproj", "{BB424C00-0B6B-4B07-9DB0-66F0483D70C6}"
EndProject
Global
	GlobalSection(SolutionConfigurationPlatforms) = preSolution
		Debug|Any CPU = Debug|Any CPU
		Release|Any CPU = Release|Any CPU
	EndGlobalSection
	GlobalSection(ProjectConfigurationPlatforms) = postSolution
		{13008F51-51F5-41C8-BE15-41EBEAC69ABF}.Debug|Any CPU.ActiveCfg = Debug|Any CPU
		{13008F51-51F5-41C8-BE15-41EBEAC69ABF}.Debug|Any CPU.Build.0 = Debug|Any CPU
		{13008F51-51F5-41C8-BE15-41EBEAC69ABF}.Release|Any CPU.ActiveCfg = Release|Any CPU
		{13008F51-51F5-41C8-BE15-41EBEAC69ABF}.Release|Any CPU.Build.0 = Release|Any CPU
		{C39BEEF3-0B60-4F54-9594-BE03E5F00EFD}.Debug|Any CPU.ActiveCfg = Debug|Any CPU
		{C39BEEF3-0B60-4F54-9594-BE03E5F00EFD}.Debug|Any CPU.Build.0 = Debug|Any CPU
		{C39BEEF3-0B60-4F54-9594-BE03E5F00EFD}.Release|Any CPU.ActiveCfg = Release|Any CPU
		{C39BEEF3-0B60-4F54-9594-BE03E5F00EFD}.Release|Any CPU.Build.0 = Release|Any CPU
		{81E7AD50-F9A0-415B-B303-051814A72F5B}.Debug|Any CPU.ActiveCfg = Debug|Any CPU
		{81E7AD50-F9A0-415B-B303-051814A72F5B}.Debug|Any CPU.Build.0 = Debug|Any CPU
		{81E7AD50-F9A0-415B-B303-051814A72F5B}.Release|Any CPU.ActiveCfg = Release|Any CPU
		{81E7AD50-F9A0-415B-B303-051814A72F5B}.Release|Any CPU.Build.0 = Release|Any CPU
		{98241D2F-C55C-45EC-A06B-06F190F89544}.Debug|Any CPU.ActiveCfg = Debug|Any CPU
		{98241D2F-C55C-45EC-A06B-06F190F89544}.Debug|Any CPU.Build.0 = Debug|Any CPU
		{98241D2F-C55C-45EC-A06B-06F190F89544}.Release|Any CPU.ActiveCfg = Release|Any CPU
		{98241D2F-C55C-45EC-A06B-06F190F89544}.Release|Any CPU.Build.0 = Release|Any CPU
		{E0CA8644-015A-4A95-A9E2-EB9D8FA99948}.Debug|Any CPU.ActiveCfg = Debug|Any CPU
		{E0CA8644-015A-4A95-A9E2-EB9D8FA99948}.Debug|Any CPU.Build.0 = Debug|Any CPU
		{E0CA8644-015A-4A95-A9E2-EB9D8FA99948}.Release|Any CPU.ActiveCfg = Release|Any CPU
		{E0CA8644-015A-4A95-A9E2-EB9D8FA99948}.Release|Any CPU.Build.0 = Release|Any CPU
		{80F54181-74E8-4A9C-ADE3-589A74BCDE7C}.Debug|Any CPU.ActiveCfg = Debug|Any CPU
		{80F54181-74E8-4A9C-ADE3-589A74BCDE7C}.Debug|Any CPU.Build.0 = Debug|Any CPU
		{80F54181-74E8-4A9C-ADE3-589A74BCDE7C}.Release|Any CPU.ActiveCfg = Release|Any CPU
		{80F54181-74E8-4A9C-ADE3-589A74BCDE7C}.Release|Any CPU.Build.0 = Release|Any CPU
		{C39865CE-6CFC-41CE-A07D-FEBEA77CD74B}.Debug|Any CPU.ActiveCfg = Debug|Any CPU
		{C39865CE-6CFC-41CE-A07D-FEBEA77CD74B}.Debug|Any CPU.Build.0 = Debug|Any CPU
		{C39865CE-6CFC-41CE-A07D-FEBEA77CD74B}.Release|Any CPU.ActiveCfg = Release|Any CPU
		{C39865CE-6CFC-41CE-A07D-FEBEA77CD74B}.Release|Any CPU.Build.0 = Release|Any CPU
		{43D62BB1-1511-42A1-BFC2-AAC96C2578BB}.Debug|Any CPU.ActiveCfg = Debug|Any CPU
		{43D62BB1-1511-42A1-BFC2-AAC96C2578BB}.Debug|Any CPU.Build.0 = Debug|Any CPU
		{43D62BB1-1511-42A1-BFC2-AAC96C2578BB}.Release|Any CPU.ActiveCfg = Release|Any CPU
		{43D62BB1-1511-42A1-BFC2-AAC96C2578BB}.Release|Any CPU.Build.0 = Release|Any CPU
		{BB424C00-0B6B-4B07-9DB0-66F0483D70C6}.Debug|Any CPU.ActiveCfg = Debug|Any CPU
		{BB424C00-0B6B-4B07-9DB0-66F0483D70C6}.Debug|Any CPU.Build.0 = Debug|Any CPU
		{BB424C00-0B6B-4B07-9DB0-66F0483D70C6}.Release|Any CPU.ActiveCfg = Release|Any CPU
		{BB424C00-0B6B-4B07-9DB0-66F0483D70C6}.Release|Any CPU.Build.0 = Release|Any CPU
	EndGlobalSection
	GlobalSection(SolutionProperties) = preSolution
		HideSolutionNode = FALSE
	EndGlobalSection
	GlobalSection(NestedProjects) = preSolution
		{57708DC4-F0DA-4D31-AD13-B9C78753E2F4} = {02EA681E-C7D8-13C7-8484-4AC65E1B71E8}
		{075ACA70-30B2-4CA3-B3A1-AB2A937966EE} = {57708DC4-F0DA-4D31-AD13-B9C78753E2F4}
		{D231693C-B6CA-4787-B396-1EF8BE86853C} = {57708DC4-F0DA-4D31-AD13-B9C78753E2F4}
		{DBCF97E5-410A-4278-80E1-1C62D8C0B8AB} = {02EA681E-C7D8-13C7-8484-4AC65E1B71E8}
		{B88FD0BE-ECB0-471B-85A0-69B9E7906878} = {02EA681E-C7D8-13C7-8484-4AC65E1B71E8}
		{25AB85D3-7F9F-473C-A2C1-7DBE85C01DBD} = {02EA681E-C7D8-13C7-8484-4AC65E1B71E8}
		{13008F51-51F5-41C8-BE15-41EBEAC69ABF} = {25AB85D3-7F9F-473C-A2C1-7DBE85C01DBD}
		{C39BEEF3-0B60-4F54-9594-BE03E5F00EFD} = {075ACA70-30B2-4CA3-B3A1-AB2A937966EE}
		{81E7AD50-F9A0-415B-B303-051814A72F5B} = {075ACA70-30B2-4CA3-B3A1-AB2A937966EE}
		{98241D2F-C55C-45EC-A06B-06F190F89544} = {D231693C-B6CA-4787-B396-1EF8BE86853C}
		{E0CA8644-015A-4A95-A9E2-EB9D8FA99948} = {B88FD0BE-ECB0-471B-85A0-69B9E7906878}
		{80F54181-74E8-4A9C-ADE3-589A74BCDE7C} = {B88FD0BE-ECB0-471B-85A0-69B9E7906878}
		{C39865CE-6CFC-41CE-A07D-FEBEA77CD74B} = {B88FD0BE-ECB0-471B-85A0-69B9E7906878}
		{43D62BB1-1511-42A1-BFC2-AAC96C2578BB} = {40338126-9179-41CC-9418-0BDEA291B4B6}
		{BB424C00-0B6B-4B07-9DB0-66F0483D70C6} = {B88FD0BE-ECB0-471B-85A0-69B9E7906878}
	EndGlobalSection
	GlobalSection(ExtensibilityGlobals) = postSolution
		SolutionGuid = {BC18DFBD-7EEB-4363-9F7F-459DAE9BB062}
	EndGlobalSection
EndGlobal
